
Microsoft Visual Studio Solution File, Format Version 12.00
# Visual Studio Version 16
VisualStudioVersion = 16.0.29920.165
MinimumVisualStudioVersion = 10.0.40219.1
Project("{FAE04EC0-301F-11D3-BF4B-00C04F79EFBC}") = "VectorDistance", "VectorDistance\VectorDistance.csproj", "{4EF35937-2282-4218-BFD4-828B0164A0F4}"
EndProject
Global
	GlobalSection(SolutionConfigurationPlatforms) = preSolution
		Debug|Any CPU = Debug|Any CPU
		Release|Any CPU = Release|Any CPU
	EndGlobalSection
	GlobalSection(ProjectConfigurationPlatforms) = postSolution
		{4EF35937-2282-4218-BFD4-828B0164A0F4}.Debug|Any CPU.ActiveCfg = Debug|Any CPU
		{4EF35937-2282-4218-BFD4-828B0164A0F4}.Debug|Any CPU.Build.0 = Debug|Any CPU
		{4EF35937-2282-4218-BFD4-828B0164A0F4}.Release|Any CPU.ActiveCfg = Release|Any CPU
		{4EF35937-2282-4218-BFD4-828B0164A0F4}.Release|Any CPU.Build.0 = Release|Any CPU
	EndGlobalSection
	GlobalSection(SolutionProperties) = preSolution
		HideSolutionNode = FALSE
	EndGlobalSection
	GlobalSection(ExtensibilityGlobals) = postSolution
		SolutionGuid = {F288D517-8692-4269-B95B-F3FAD43B61E7}
	EndGlobalSection
EndGlobal
